
Microsoft Visual Studio Solution File, Format Version 12.00
# Visual Studio 15
VisualStudioVersion = 15.0.26730.3
MinimumVisualStudioVersion = 10.0.40219.1
Project("{FAE04EC0-301F-11D3-BF4B-00C04F79EFBC}") = "samochod", "samochod\samochod.csproj", "{C854B86C-F2FE-4EA1-9A90-F2A88B248E33}"
EndProject
Global
	GlobalSection(SolutionConfigurationPlatforms) = preSolution
		Debug|Any CPU = Debug|Any CPU
		Release|Any CPU = Release|Any CPU
	EndGlobalSection
	GlobalSection(ProjectConfigurationPlatforms) = postSolution
		{C854B86C-F2FE-4EA1-9A90-F2A88B248E33}.Debug|Any CPU.ActiveCfg = Debug|Any CPU
		{C854B86C-F2FE-4EA1-9A90-F2A88B248E33}.Debug|Any CPU.Build.0 = Debug|Any CPU
		{C854B86C-F2FE-4EA1-9A90-F2A88B248E33}.Release|Any CPU.ActiveCfg = Release|Any CPU
		{C854B86C-F2FE-4EA1-9A90-F2A88B248E33}.Release|Any CPU.Build.0 = Release|Any CPU
	EndGlobalSection
	GlobalSection(SolutionProperties) = preSolution
		HideSolutionNode = FALSE
	EndGlobalSection
	GlobalSection(ExtensibilityGlobals) = postSolution
		SolutionGuid = {BDF514E8-80F0-4561-A74E-61EB286199F2}
	EndGlobalSection
EndGlobal
